
Microsoft Visual Studio Solution File, Format Version 12.00
# Visual Studio 15
VisualStudioVersion = 15.0.28307.1972
MinimumVisualStudioVersion = 10.0.40219.1
Project("{FAE04EC0-301F-11D3-BF4B-00C04F79EFBC}") = "9", "9\9.csproj", "{39951330-DED9-406F-818D-27A2381A20EF}"
EndProject
Global
	GlobalSection(SolutionConfigurationPlatforms) = preSolution
		Debug|Any CPU = Debug|Any CPU
		Release|Any CPU = Release|Any CPU
	EndGlobalSection
	GlobalSection(ProjectConfigurationPlatforms) = postSolution
		{39951330-DED9-406F-818D-27A2381A20EF}.Debug|Any CPU.ActiveCfg = Debug|Any CPU
		{39951330-DED9-406F-818D-27A2381A20EF}.Debug|Any CPU.Build.0 = Debug|Any CPU
		{39951330-DED9-406F-818D-27A2381A20EF}.Release|Any CPU.ActiveCfg = Release|Any CPU
		{39951330-DED9-406F-818D-27A2381A20EF}.Release|Any CPU.Build.0 = Release|Any CPU
	EndGlobalSection
	GlobalSection(SolutionProperties) = preSolution
		HideSolutionNode = FALSE
	EndGlobalSection
	GlobalSection(ExtensibilityGlobals) = postSolution
		SolutionGuid = {9646E402-9C9D-4FF6-B7E0-3996709ADA51}
	EndGlobalSection
EndGlobal
